
Microsoft Visual Studio Solution File, Format Version 12.00
# Visual Studio Version 16
VisualStudioVersion = 16.0.31624.102
MinimumVisualStudioVersion = 10.0.40219.1
Project("{FAE04EC0-301F-11D3-BF4B-00C04F79EFBC}") = "FINAL", "gameing\FINAL.csproj", "{894041D8-3533-4600-A667-440D9FA51DCC}"
EndProject
Global
	GlobalSection(SolutionConfigurationPlatforms) = preSolution
		Debug|Any CPU = Debug|Any CPU
		Release|Any CPU = Release|Any CPU
	EndGlobalSection
	GlobalSection(ProjectConfigurationPlatforms) = postSolution
		{894041D8-3533-4600-A667-440D9FA51DCC}.Debug|Any CPU.ActiveCfg = Debug|Any CPU
		{894041D8-3533-4600-A667-440D9FA51DCC}.Debug|Any CPU.Build.0 = Debug|Any CPU
		{894041D8-3533-4600-A667-440D9FA51DCC}.Release|Any CPU.ActiveCfg = Release|Any CPU
		{894041D8-3533-4600-A667-440D9FA51DCC}.Release|Any CPU.Build.0 = Release|Any CPU
	EndGlobalSection
	GlobalSection(SolutionProperties) = preSolution
		HideSolutionNode = FALSE
	EndGlobalSection
	GlobalSection(ExtensibilityGlobals) = postSolution
		SolutionGuid = {92E0690F-26ED-4309-91DF-FFCEB066280E}
	EndGlobalSection
EndGlobal
